
Microsoft Visual Studio Solution File, Format Version 12.00
# Visual Studio Version 17
VisualStudioVersion = 17.4.33205.214
MinimumVisualStudioVersion = 10.0.40219.1
Project("{9A19103F-16F7-4668-BE54-9A1E7A4F7556}") = "SRP", "SRP\SRP.csproj", "{B928F63E-0AAB-4F57-A292-78517E4011F2}"
EndProject
Project("{9A19103F-16F7-4668-BE54-9A1E7A4F7556}") = "OCP", "OCP\OCP.csproj", "{A1CD6592-5EB7-42F5-9ADC-67D62D60D220}"
EndProject
Project("{9A19103F-16F7-4668-BE54-9A1E7A4F7556}") = "LSP", "LSP\LSP.csproj", "{DB6BE0CF-7739-4CCE-8C58-551A7388F352}"
EndProject
Project("{9A19103F-16F7-4668-BE54-9A1E7A4F7556}") = "ISP", "ISP\ISP.csproj", "{1DE12745-79BD-4FF3-8AB7-00812EF36265}"
EndProject
Project("{9A19103F-16F7-4668-BE54-9A1E7A4F7556}") = "DIP", "DIP\DIP.csproj", "{78F7335A-B0D2-4D13-B44C-391B1A014FC9}"
EndProject
Project("{9A19103F-16F7-4668-BE54-9A1E7A4F7556}") = "SRP.Final", "SRPGood\SRP.Final.csproj", "{8D777625-B8E0-4D6B-8562-64D5C04FD6A7}"
EndProject
Project("{9A19103F-16F7-4668-BE54-9A1E7A4F7556}") = "OCP.State2", "OCP.State2\OCP.State2.csproj", "{FB7FA97D-A441-4CE7-B990-15082E82409F}"
EndProject
Project("{9A19103F-16F7-4668-BE54-9A1E7A4F7556}") = "OCP.Final", "OCP.Final\OCP.Final.csproj", "{5D58FEEA-298D-44CC-814E-54B74BB3A6DC}"
EndProject
Project("{2150E333-8FDC-42A3-9474-1A3956D46DE8}") = "OpenClosed", "OpenClosed", "{BF84DEFA-7A36-4BDE-AA41-29A45733EB4F}"
EndProject
Project("{2150E333-8FDC-42A3-9474-1A3956D46DE8}") = "SingleResponsibility", "SingleResponsibility", "{C337903B-7D1A-4123-AF25-2AD4814F4BD4}"
EndProject
Project("{2150E333-8FDC-42A3-9474-1A3956D46DE8}") = "LiskovSubstution", "LiskovSubstution", "{19542DB7-D9F5-42FC-9471-E97FC3D7042C}"
EndProject
Project("{2150E333-8FDC-42A3-9474-1A3956D46DE8}") = "InterfaceSegregation", "InterfaceSegregation", "{59F2668C-E3D8-48D3-8D10-DA79B2C182F8}"
EndProject
Project("{2150E333-8FDC-42A3-9474-1A3956D46DE8}") = "DependencyInversion", "DependencyInversion", "{B71D0FBE-F6C4-45B3-92EF-12DD6CE653F8}"
EndProject
Project("{9A19103F-16F7-4668-BE54-9A1E7A4F7556}") = "LSP.State2", "LSP.State2\LSP.State2.csproj", "{3C755E1F-1057-4CDD-9188-6C248E3E778A}"
EndProject
Project("{9A19103F-16F7-4668-BE54-9A1E7A4F7556}") = "LSP.Final", "LSP.Final\LSP.Final.csproj", "{86402C3F-1334-4277-A1ED-6F0A9CAF8CE8}"
EndProject
Project("{9A19103F-16F7-4668-BE54-9A1E7A4F7556}") = "ISP.State2", "ISP.State2\ISP.State2.csproj", "{10826F54-95DD-4EF9-8594-B8167686B850}"
EndProject
Project("{9A19103F-16F7-4668-BE54-9A1E7A4F7556}") = "ISP.Final", "ISP.Final\ISP.Final.csproj", "{5282C08F-B266-43B1-BA9A-14D4AC5D3831}"
EndProject
Project("{9A19103F-16F7-4668-BE54-9A1E7A4F7556}") = "DIP.State2", "DIP.State2\DIP.State2.csproj", "{F598B7D0-C643-4B84-BADF-04D103936E82}"
EndProject
Project("{9A19103F-16F7-4668-BE54-9A1E7A4F7556}") = "DIP.Final", "DIP.Final\DIP.Final.csproj", "{18516A3A-AACF-4EB3-AB04-645196EA7F7C}"
EndProject
Project("{2150E333-8FDC-42A3-9474-1A3956D46DE8}") = "DIP2", "DIP2", "{837F85E2-C63A-41E5-A3EE-D14C1672A98C}"
EndProject
Project("{2150E333-8FDC-42A3-9474-1A3956D46DE8}") = "DIP1", "DIP1", "{BF38F12D-D089-4893-878C-1B82752D453E}"
EndProject
Project("{9A19103F-16F7-4668-BE54-9A1E7A4F7556}") = "DIP.Sample2.State1", "DIP.Sample2.State1\DIP.Sample2.State1.csproj", "{7DCFDD26-A8B9-42DD-AE3E-5B0318AA2BE0}"
EndProject
Project("{9A19103F-16F7-4668-BE54-9A1E7A4F7556}") = "DIP.Sample2.Final", "DIP.Sample2.Final\DIP.Sample2.Final.csproj", "{7C3BCAC3-E649-430B-A6FD-904C33B93A59}"
EndProject
Project("{9A19103F-16F7-4668-BE54-9A1E7A4F7556}") = "DIP.Sample2.State2", "DIP.Sample2.State2\DIP.Sample2.State2.csproj", "{C35D70CA-9791-4E00-8C1D-FE115865CF1F}"
EndProject
Project("{2150E333-8FDC-42A3-9474-1A3956D46DE8}") = "LSP1", "LSP1", "{78F36E36-4CDF-4603-96D9-B94D37ECA85C}"
EndProject
Project("{2150E333-8FDC-42A3-9474-1A3956D46DE8}") = "LSP2", "LSP2", "{00048601-D4DF-4D51-BD49-7D91AD20A218}"
EndProject
Project("{9A19103F-16F7-4668-BE54-9A1E7A4F7556}") = "LSP.Sample2.State1", "LSP.Sample2.State1\LSP.Sample2.State1.csproj", "{9174CDA7-97B9-4B0E-AE7A-0C55AA73C81A}"
EndProject
Project("{9A19103F-16F7-4668-BE54-9A1E7A4F7556}") = "LSP.Sample2.Final", "LSP.Sample2.Final\LSP.Sample2.Final.csproj", "{DFDB4575-2DD2-4858-BA05-5B2575135C6B}"
EndProject
Project("{2150E333-8FDC-42A3-9474-1A3956D46DE8}") = "OOP", "OOP", "{373C9014-6B22-4D57-90D5-03F68A935C02}"
EndProject
Project("{FAE04EC0-301F-11D3-BF4B-00C04F79EFBC}") = "Inheritence", "Inheritence\Inheritence.csproj", "{7F86B048-257D-44E7-8034-7863074AA8D9}"
EndProject
Project("{FAE04EC0-301F-11D3-BF4B-00C04F79EFBC}") = "Abstraction", "Abstraction\Abstraction.csproj", "{84453363-E192-4820-9E07-6E5626C57F80}"
EndProject
Project("{FAE04EC0-301F-11D3-BF4B-00C04F79EFBC}") = "BaseCode", "BaseCode\BaseCode.csproj", "{31761A7B-C49F-47EC-83FF-48D11A7F9A2D}"
EndProject
Project("{FAE04EC0-301F-11D3-BF4B-00C04F79EFBC}") = "Polymorphism", "Polymorphism\Polymorphism.csproj", "{FDB640E7-5A87-4186-A36A-2246AB014BAC}"
EndProject
Project("{FAE04EC0-301F-11D3-BF4B-00C04F79EFBC}") = "Encapsulation", "Encapsulation\Encapsulation.csproj", "{91ED5AEA-7D09-407E-9DB9-8E43410561C5}"
EndProject
Global
	GlobalSection(SolutionConfigurationPlatforms) = preSolution
		Debug|Any CPU = Debug|Any CPU
		Release|Any CPU = Release|Any CPU
	EndGlobalSection
	GlobalSection(ProjectConfigurationPlatforms) = postSolution
		{B928F63E-0AAB-4F57-A292-78517E4011F2}.Debug|Any CPU.ActiveCfg = Debug|Any CPU
		{B928F63E-0AAB-4F57-A292-78517E4011F2}.Debug|Any CPU.Build.0 = Debug|Any CPU
		{B928F63E-0AAB-4F57-A292-78517E4011F2}.Release|Any CPU.ActiveCfg = Release|Any CPU
		{B928F63E-0AAB-4F57-A292-78517E4011F2}.Release|Any CPU.Build.0 = Release|Any CPU
		{A1CD6592-5EB7-42F5-9ADC-67D62D60D220}.Debug|Any CPU.ActiveCfg = Debug|Any CPU
		{A1CD6592-5EB7-42F5-9ADC-67D62D60D220}.Debug|Any CPU.Build.0 = Debug|Any CPU
		{A1CD6592-5EB7-42F5-9ADC-67D62D60D220}.Release|Any CPU.ActiveCfg = Release|Any CPU
		{A1CD6592-5EB7-42F5-9ADC-67D62D60D220}.Release|Any CPU.Build.0 = Release|Any CPU
		{DB6BE0CF-7739-4CCE-8C58-551A7388F352}.Debug|Any CPU.ActiveCfg = Debug|Any CPU
		{DB6BE0CF-7739-4CCE-8C58-551A7388F352}.Debug|Any CPU.Build.0 = Debug|Any CPU
		{DB6BE0CF-7739-4CCE-8C58-551A7388F352}.Release|Any CPU.ActiveCfg = Release|Any CPU
		{DB6BE0CF-7739-4CCE-8C58-551A7388F352}.Release|Any CPU.Build.0 = Release|Any CPU
		{1DE12745-79BD-4FF3-8AB7-00812EF36265}.Debug|Any CPU.ActiveCfg = Debug|Any CPU
		{1DE12745-79BD-4FF3-8AB7-00812EF36265}.Debug|Any CPU.Build.0 = Debug|Any CPU
		{1DE12745-79BD-4FF3-8AB7-00812EF36265}.Release|Any CPU.ActiveCfg = Release|Any CPU
		{1DE12745-79BD-4FF3-8AB7-00812EF36265}.Release|Any CPU.Build.0 = Release|Any CPU
		{78F7335A-B0D2-4D13-B44C-391B1A014FC9}.Debug|Any CPU.ActiveCfg = Debug|Any CPU
		{78F7335A-B0D2-4D13-B44C-391B1A014FC9}.Debug|Any CPU.Build.0 = Debug|Any CPU
		{78F7335A-B0D2-4D13-B44C-391B1A014FC9}.Release|Any CPU.ActiveCfg = Release|Any CPU
		{78F7335A-B0D2-4D13-B44C-391B1A014FC9}.Release|Any CPU.Build.0 = Release|Any CPU
		{8D777625-B8E0-4D6B-8562-64D5C04FD6A7}.Debug|Any CPU.ActiveCfg = Debug|Any CPU
		{8D777625-B8E0-4D6B-8562-64D5C04FD6A7}.Debug|Any CPU.Build.0 = Debug|Any CPU
		{8D777625-B8E0-4D6B-8562-64D5C04FD6A7}.Release|Any CPU.ActiveCfg = Release|Any CPU
		{8D777625-B8E0-4D6B-8562-64D5C04FD6A7}.Release|Any CPU.Build.0 = Release|Any CPU
		{FB7FA97D-A441-4CE7-B990-15082E82409F}.Debug|Any CPU.ActiveCfg = Debug|Any CPU
		{FB7FA97D-A441-4CE7-B990-15082E82409F}.Debug|Any CPU.Build.0 = Debug|Any CPU
		{FB7FA97D-A441-4CE7-B990-15082E82409F}.Release|Any CPU.ActiveCfg = Release|Any CPU
		{FB7FA97D-A441-4CE7-B990-15082E82409F}.Release|Any CPU.Build.0 = Release|Any CPU
		{5D58FEEA-298D-44CC-814E-54B74BB3A6DC}.Debug|Any CPU.ActiveCfg = Debug|Any CPU
		{5D58FEEA-298D-44CC-814E-54B74BB3A6DC}.Debug|Any CPU.Build.0 = Debug|Any CPU
		{5D58FEEA-298D-44CC-814E-54B74BB3A6DC}.Release|Any CPU.ActiveCfg = Release|Any CPU
		{5D58FEEA-298D-44CC-814E-54B74BB3A6DC}.Release|Any CPU.Build.0 = Release|Any CPU
		{3C755E1F-1057-4CDD-9188-6C248E3E778A}.Debug|Any CPU.ActiveCfg = Debug|Any CPU
		{3C755E1F-1057-4CDD-9188-6C248E3E778A}.Debug|Any CPU.Build.0 = Debug|Any CPU
		{3C755E1F-1057-4CDD-9188-6C248E3E778A}.Release|Any CPU.ActiveCfg = Release|Any CPU
		{3C755E1F-1057-4CDD-9188-6C248E3E778A}.Release|Any CPU.Build.0 = Release|Any CPU
		{86402C3F-1334-4277-A1ED-6F0A9CAF8CE8}.Debug|Any CPU.ActiveCfg = Debug|Any CPU
		{86402C3F-1334-4277-A1ED-6F0A9CAF8CE8}.Debug|Any CPU.Build.0 = Debug|Any CPU
		{86402C3F-1334-4277-A1ED-6F0A9CAF8CE8}.Release|Any CPU.ActiveCfg = Release|Any CPU
		{86402C3F-1334-4277-A1ED-6F0A9CAF8CE8}.Release|Any CPU.Build.0 = Release|Any CPU
		{10826F54-95DD-4EF9-8594-B8167686B850}.Debug|Any CPU.ActiveCfg = Debug|Any CPU
		{10826F54-95DD-4EF9-8594-B8167686B850}.Debug|Any CPU.Build.0 = Debug|Any CPU
		{10826F54-95DD-4EF9-8594-B8167686B850}.Release|Any CPU.ActiveCfg = Release|Any CPU
		{10826F54-95DD-4EF9-8594-B8167686B850}.Release|Any CPU.Build.0 = Release|Any CPU
		{5282C08F-B266-43B1-BA9A-14D4AC5D3831}.Debug|Any CPU.ActiveCfg = Debug|Any CPU
		{5282C08F-B266-43B1-BA9A-14D4AC5D3831}.Debug|Any CPU.Build.0 = Debug|Any CPU
		{5282C08F-B266-43B1-BA9A-14D4AC5D3831}.Release|Any CPU.ActiveCfg = Release|Any CPU
		{5282C08F-B266-43B1-BA9A-14D4AC5D3831}.Release|Any CPU.Build.0 = Release|Any CPU
		{F598B7D0-C643-4B84-BADF-04D103936E82}.Debug|Any CPU.ActiveCfg = Debug|Any CPU
		{F598B7D0-C643-4B84-BADF-04D103936E82}.Debug|Any CPU.Build.0 = Debug|Any CPU
		{F598B7D0-C643-4B84-BADF-04D103936E82}.Release|Any CPU.ActiveCfg = Release|Any CPU
		{F598B7D0-C643-4B84-BADF-04D103936E82}.Release|Any CPU.Build.0 = Release|Any CPU
		{18516A3A-AACF-4EB3-AB04-645196EA7F7C}.Debug|Any CPU.ActiveCfg = Debug|Any CPU
		{18516A3A-AACF-4EB3-AB04-645196EA7F7C}.Debug|Any CPU.Build.0 = Debug|Any CPU
		{18516A3A-AACF-4EB3-AB04-645196EA7F7C}.Release|Any CPU.ActiveCfg = Release|Any CPU
		{18516A3A-AACF-4EB3-AB04-645196EA7F7C}.Release|Any CPU.Build.0 = Release|Any CPU
		{7DCFDD26-A8B9-42DD-AE3E-5B0318AA2BE0}.Debug|Any CPU.ActiveCfg = Debug|Any CPU
		{7DCFDD26-A8B9-42DD-AE3E-5B0318AA2BE0}.Debug|Any CPU.Build.0 = Debug|Any CPU
		{7DCFDD26-A8B9-42DD-AE3E-5B0318AA2BE0}.Release|Any CPU.ActiveCfg = Release|Any CPU
		{7DCFDD26-A8B9-42DD-AE3E-5B0318AA2BE0}.Release|Any CPU.Build.0 = Release|Any CPU
		{7C3BCAC3-E649-430B-A6FD-904C33B93A59}.Debug|Any CPU.ActiveCfg = Debug|Any CPU
		{7C3BCAC3-E649-430B-A6FD-904C33B93A59}.Debug|Any CPU.Build.0 = Debug|Any CPU
		{7C3BCAC3-E649-430B-A6FD-904C33B93A59}.Release|Any CPU.ActiveCfg = Release|Any CPU
		{7C3BCAC3-E649-430B-A6FD-904C33B93A59}.Release|Any CPU.Build.0 = Release|Any CPU
		{C35D70CA-9791-4E00-8C1D-FE115865CF1F}.Debug|Any CPU.ActiveCfg = Debug|Any CPU
		{C35D70CA-9791-4E00-8C1D-FE115865CF1F}.Debug|Any CPU.Build.0 = Debug|Any CPU
		{C35D70CA-9791-4E00-8C1D-FE115865CF1F}.Release|Any CPU.ActiveCfg = Release|Any CPU
		{C35D70CA-9791-4E00-8C1D-FE115865CF1F}.Release|Any CPU.Build.0 = Release|Any CPU
		{9174CDA7-97B9-4B0E-AE7A-0C55AA73C81A}.Debug|Any CPU.ActiveCfg = Debug|Any CPU
		{9174CDA7-97B9-4B0E-AE7A-0C55AA73C81A}.Debug|Any CPU.Build.0 = Debug|Any CPU
		{9174CDA7-97B9-4B0E-AE7A-0C55AA73C81A}.Release|Any CPU.ActiveCfg = Release|Any CPU
		{9174CDA7-97B9-4B0E-AE7A-0C55AA73C81A}.Release|Any CPU.Build.0 = Release|Any CPU
		{DFDB4575-2DD2-4858-BA05-5B2575135C6B}.Debug|Any CPU.ActiveCfg = Debug|Any CPU
		{DFDB4575-2DD2-4858-BA05-5B2575135C6B}.Debug|Any CPU.Build.0 = Debug|Any CPU
		{DFDB4575-2DD2-4858-BA05-5B2575135C6B}.Release|Any CPU.ActiveCfg = Release|Any CPU
		{DFDB4575-2DD2-4858-BA05-5B2575135C6B}.Release|Any CPU.Build.0 = Release|Any CPU
		{7F86B048-257D-44E7-8034-7863074AA8D9}.Debug|Any CPU.ActiveCfg = Debug|Any CPU
		{7F86B048-257D-44E7-8034-7863074AA8D9}.Debug|Any CPU.Build.0 = Debug|Any CPU
		{7F86B048-257D-44E7-8034-7863074AA8D9}.Release|Any CPU.ActiveCfg = Release|Any CPU
		{7F86B048-257D-44E7-8034-7863074AA8D9}.Release|Any CPU.Build.0 = Release|Any CPU
		{84453363-E192-4820-9E07-6E5626C57F80}.Debug|Any CPU.ActiveCfg = Debug|Any CPU
		{84453363-E192-4820-9E07-6E5626C57F80}.Debug|Any CPU.Build.0 = Debug|Any CPU
		{84453363-E192-4820-9E07-6E5626C57F80}.Release|Any CPU.ActiveCfg = Release|Any CPU
		{84453363-E192-4820-9E07-6E5626C57F80}.Release|Any CPU.Build.0 = Release|Any CPU
		{31761A7B-C49F-47EC-83FF-48D11A7F9A2D}.Debug|Any CPU.ActiveCfg = Debug|Any CPU
		{31761A7B-C49F-47EC-83FF-48D11A7F9A2D}.Debug|Any CPU.Build.0 = Debug|Any CPU
		{31761A7B-C49F-47EC-83FF-48D11A7F9A2D}.Release|Any CPU.ActiveCfg = Release|Any CPU
		{31761A7B-C49F-47EC-83FF-48D11A7F9A2D}.Release|Any CPU.Build.0 = Release|Any CPU
		{FDB640E7-5A87-4186-A36A-2246AB014BAC}.Debug|Any CPU.ActiveCfg = Debug|Any CPU
		{FDB640E7-5A87-4186-A36A-2246AB014BAC}.Debug|Any CPU.Build.0 = Debug|Any CPU
		{FDB640E7-5A87-4186-A36A-2246AB014BAC}.Release|Any CPU.ActiveCfg = Release|Any CPU
		{FDB640E7-5A87-4186-A36A-2246AB014BAC}.Release|Any CPU.Build.0 = Release|Any CPU
		{91ED5AEA-7D09-407E-9DB9-8E43410561C5}.Debug|Any CPU.ActiveCfg = Debug|Any CPU
		{91ED5AEA-7D09-407E-9DB9-8E43410561C5}.Debug|Any CPU.Build.0 = Debug|Any CPU
		{91ED5AEA-7D09-407E-9DB9-8E43410561C5}.Release|Any CPU.ActiveCfg = Release|Any CPU
		{91ED5AEA-7D09-407E-9DB9-8E43410561C5}.Release|Any CPU.Build.0 = Release|Any CPU
	EndGlobalSection
	GlobalSection(SolutionProperties) = preSolution
		HideSolutionNode = FALSE
	EndGlobalSection
	GlobalSection(NestedProjects) = preSolution
		{B928F63E-0AAB-4F57-A292-78517E4011F2} = {C337903B-7D1A-4123-AF25-2AD4814F4BD4}
		{A1CD6592-5EB7-42F5-9ADC-67D62D60D220} = {BF84DEFA-7A36-4BDE-AA41-29A45733EB4F}
		{DB6BE0CF-7739-4CCE-8C58-551A7388F352} = {78F36E36-4CDF-4603-96D9-B94D37ECA85C}
		{1DE12745-79BD-4FF3-8AB7-00812EF36265} = {59F2668C-E3D8-48D3-8D10-DA79B2C182F8}
		{78F7335A-B0D2-4D13-B44C-391B1A014FC9} = {BF38F12D-D089-4893-878C-1B82752D453E}
		{8D777625-B8E0-4D6B-8562-64D5C04FD6A7} = {C337903B-7D1A-4123-AF25-2AD4814F4BD4}
		{FB7FA97D-A441-4CE7-B990-15082E82409F} = {BF84DEFA-7A36-4BDE-AA41-29A45733EB4F}
		{5D58FEEA-298D-44CC-814E-54B74BB3A6DC} = {BF84DEFA-7A36-4BDE-AA41-29A45733EB4F}
		{3C755E1F-1057-4CDD-9188-6C248E3E778A} = {78F36E36-4CDF-4603-96D9-B94D37ECA85C}
		{86402C3F-1334-4277-A1ED-6F0A9CAF8CE8} = {78F36E36-4CDF-4603-96D9-B94D37ECA85C}
		{10826F54-95DD-4EF9-8594-B8167686B850} = {59F2668C-E3D8-48D3-8D10-DA79B2C182F8}
		{5282C08F-B266-43B1-BA9A-14D4AC5D3831} = {59F2668C-E3D8-48D3-8D10-DA79B2C182F8}
		{F598B7D0-C643-4B84-BADF-04D103936E82} = {BF38F12D-D089-4893-878C-1B82752D453E}
		{18516A3A-AACF-4EB3-AB04-645196EA7F7C} = {BF38F12D-D089-4893-878C-1B82752D453E}
		{837F85E2-C63A-41E5-A3EE-D14C1672A98C} = {B71D0FBE-F6C4-45B3-92EF-12DD6CE653F8}
		{BF38F12D-D089-4893-878C-1B82752D453E} = {B71D0FBE-F6C4-45B3-92EF-12DD6CE653F8}
		{7DCFDD26-A8B9-42DD-AE3E-5B0318AA2BE0} = {837F85E2-C63A-41E5-A3EE-D14C1672A98C}
		{7C3BCAC3-E649-430B-A6FD-904C33B93A59} = {837F85E2-C63A-41E5-A3EE-D14C1672A98C}
		{C35D70CA-9791-4E00-8C1D-FE115865CF1F} = {837F85E2-C63A-41E5-A3EE-D14C1672A98C}
		{78F36E36-4CDF-4603-96D9-B94D37ECA85C} = {19542DB7-D9F5-42FC-9471-E97FC3D7042C}
		{00048601-D4DF-4D51-BD49-7D91AD20A218} = {19542DB7-D9F5-42FC-9471-E97FC3D7042C}
		{9174CDA7-97B9-4B0E-AE7A-0C55AA73C81A} = {00048601-D4DF-4D51-BD49-7D91AD20A218}
		{DFDB4575-2DD2-4858-BA05-5B2575135C6B} = {00048601-D4DF-4D51-BD49-7D91AD20A218}
		{7F86B048-257D-44E7-8034-7863074AA8D9} = {373C9014-6B22-4D57-90D5-03F68A935C02}
		{84453363-E192-4820-9E07-6E5626C57F80} = {373C9014-6B22-4D57-90D5-03F68A935C02}
		{31761A7B-C49F-47EC-83FF-48D11A7F9A2D} = {373C9014-6B22-4D57-90D5-03F68A935C02}
		{FDB640E7-5A87-4186-A36A-2246AB014BAC} = {373C9014-6B22-4D57-90D5-03F68A935C02}
		{91ED5AEA-7D09-407E-9DB9-8E43410561C5} = {373C9014-6B22-4D57-90D5-03F68A935C02}
	EndGlobalSection
	GlobalSection(ExtensibilityGlobals) = postSolution
		SolutionGuid = {FA11E563-1AB6-4731-A064-414E214DD4E1}
	EndGlobalSection
EndGlobal
